{
  "name": "ai-image",
  "lockfileVersion": 2,
  "requires": true,
  "packages": {
    "": {
      "dependencies": {
        "tua-body-scroll-lock": "^1.2.1"
      }
    },
    "node_modules/tua-body-scroll-lock": {
      "version": "1.2.1",
      "resolved": "https://registry.npmjs.org/tua-body-scroll-lock/-/tua-body-scroll-lock-1.2.1.tgz",
      "integrity": "sha512-DuGbQxIBSbz7/aAwh0oMThOwCwDdYzsU8nF5XQPAvoeOBWp/qhjrZfOtc84gj6CQLZu5L1+TgMNX6fW3OuafHA=="
    }
  },
  "dependencies": {
    "tua-body-scroll-lock": {
      "version": "1.2.1",
      "resolved": "https://registry.npmjs.org/tua-body-scroll-lock/-/tua-body-scroll-lock-1.2.1.tgz",
      "integrity": "sha512-DuGbQxIBSbz7/aAwh0oMThOwCwDdYzsU8nF5XQPAvoeOBWp/qhjrZfOtc84gj6CQLZu5L1+TgMNX6fW3OuafHA=="
    }
  }
}
